
Microsoft Visual Studio Solution File, Format Version 12.00
# Visual Studio 2012
Project("{FAE04EC0-301F-11D3-BF4B-00C04F79EFBC}") = "Sliding Puzzle", "Sliding Puzzle\Sliding Puzzle.csproj", "{F3C104B3-BFB8-461D-B20C-42ACF64E4905}"
EndProject
Global
	GlobalSection(SolutionConfigurationPlatforms) = preSolution
		Debug|Any CPU = Debug|Any CPU
		Release|Any CPU = Release|Any CPU
	EndGlobalSection
	GlobalSection(ProjectConfigurationPlatforms) = postSolution
		{F3C104B3-BFB8-461D-B20C-42ACF64E4905}.Debug|Any CPU.ActiveCfg = Debug|Any CPU
		{F3C104B3-BFB8-461D-B20C-42ACF64E4905}.Debug|Any CPU.Build.0 = Debug|Any CPU
		{F3C104B3-BFB8-461D-B20C-42ACF64E4905}.Release|Any CPU.ActiveCfg = Release|Any CPU
		{F3C104B3-BFB8-461D-B20C-42ACF64E4905}.Release|Any CPU.Build.0 = Release|Any CPU
	EndGlobalSection
	GlobalSection(SolutionProperties) = preSolution
		HideSolutionNode = FALSE
	EndGlobalSection
EndGlobal
